// !$*UTF8*$!
{
	archiveVersion = 1;
	classes = {
	};
	objectVersion = 56;
	objects = {

/* Begin PBXBuildFile section */
		7A5C54662AAF742E00C64C65 /* AppDelegate.swift in Sources */ = {isa = PBXBuildFile; fileRef = 7A5C54652AAF742E00C64C65 /* AppDelegate.swift */; };
		7A5C54682AAF742E00C64C65 /* SceneDelegate.swift in Sources */ = {isa = PBXBuildFile; fileRef = 7A5C54672AAF742E00C64C65 /* SceneDelegate.swift */; };
		7A5C546A2AAF742E00C64C65 /* ViewController.swift in Sources */ = {isa = PBXBuildFile; fileRef = 7A5C54692AAF742E00C64C65 /* ViewController.swift */; };
		7A5C546D2AAF742E00C64C65 /* Main.storyboard in Resources */ = {isa = PBXBuildFile; fileRef = 7A5C546B2AAF742E00C64C65 /* Main.storyboard */; };
		7A5C546F2AAF742F00C64C65 /* Assets.xcassets in Resources */ = {isa = PBXBuildFile; fileRef = 7A5C546E2AAF742F00C64C65 /* Assets.xcassets */; };
		7A5C54722AAF742F00C64C65 /* LaunchScreen.storyboard in Resources */ = {isa = PBXBuildFile; fileRef = 7A5C54702AAF742F00C64C65 /* LaunchScreen.storyboard */; };
		7A5C547B2AAF80F800C64C65 /* Const.swift in Sources */ = {isa = PBXBuildFile; fileRef = 7A5C547A2AAF80F800C64C65 /* Const.swift */; };
		7A5C547E2AAF85C900C64C65 /* TV.swift in Sources */ = {isa = PBXBuildFile; fileRef = 7A5C547D2AAF85C900C64C65 /* TV.swift */; };
		7A5C54802AB0809A00C64C65 /* Movie.swift in Sources */ = {isa = PBXBuildFile; fileRef = 7A5C547F2AB0809A00C64C65 /* Movie.swift */; };
		7A5C54822AB0864200C64C65 /* MovieResult.swift in Sources */ = {isa = PBXBuildFile; fileRef = 7A5C54812AB0864200C64C65 /* MovieResult.swift */; };
		7A5C54852AB0874500C64C65 /* Network.swift in Sources */ = {isa = PBXBuildFile; fileRef = 7A5C54842AB0874500C64C65 /* Network.swift */; };
		CFF277C4D011386F72356630 /* Pods_MVVMPractice.framework in Frameworks */ = {isa = PBXBuildFile; fileRef = A207FCEC4A24B57ABA3E82CF /* Pods_MVVMPractice.framework */; };
/* End PBXBuildFile section */

/* Begin PBXFileReference section */
		31F7926402F09FE55E2F0FFC /* Pods-MVVMPractice.debug.xcconfig */ = {isa = PBXFileReference; includeInIndex = 1; lastKnownFileType = text.xcconfig; name = "Pods-MVVMPractice.debug.xcconfig"; path = "Target Support Files/Pods-MVVMPractice/Pods-MVVMPractice.debug.xcconfig"; sourceTree = "<group>"; };
		7A5C54622AAF742E00C64C65 /* MVVMPractice.app */ = {isa = PBXFileReference; explicitFileType = wrapper.application; includeInIndex = 0; path = MVVMPractice.app; sourceTree = BUILT_PRODUCTS_DIR; };
		7A5C54652AAF742E00C64C65 /* AppDelegate.swift */ = {isa = PBXFileReference; lastKnownFileType = sourcecode.swift; path = AppDelegate.swift; sourceTree = "<group>"; };
		7A5C54672AAF742E00C64C65 /* SceneDelegate.swift */ = {isa = PBXFileReference; lastKnownFileType = sourcecode.swift; path = SceneDelegate.swift; sourceTree = "<group>"; };
		7A5C54692AAF742E00C64C65 /* ViewController.swift */ = {isa = PBXFileReference; lastKnownFileType = sourcecode.swift; path = ViewController.swift; sourceTree = "<group>"; };
		7A5C546C2AAF742E00C64C65 /* Base */ = {isa = PBXFileReference; lastKnownFileType = file.storyboard; name = Base; path = Base.lproj/Main.storyboard; sourceTree = "<group>"; };
		7A5C546E2AAF742F00C64C65 /* Assets.xcassets */ = {isa = PBXFileReference; lastKnownFileType = folder.assetcatalog; path = Assets.xcassets; sourceTree = "<group>"; };
		7A5C54712AAF742F00C64C65 /* Base */ = {isa = PBXFileReference; lastKnownFileType = file.storyboard; name = Base; path = Base.lproj/LaunchScreen.storyboard; sourceTree = "<group>"; };
		7A5C54732AAF742F00C64C65 /* Info.plist */ = {isa = PBXFileReference; lastKnownFileType = text.plist.xml; path = Info.plist; sourceTree = "<group>"; };
		7A5C547A2AAF80F800C64C65 /* Const.swift */ = {isa = PBXFileReference; lastKnownFileType = sourcecode.swift; path = Const.swift; sourceTree = "<group>"; };
		7A5C547D2AAF85C900C64C65 /* TV.swift */ = {isa = PBXFileReference; lastKnownFileType = sourcecode.swift; path = TV.swift; sourceTree = "<group>"; };
		7A5C547F2AB0809A00C64C65 /* Movie.swift */ = {isa = PBXFileReference; lastKnownFileType = sourcecode.swift; path = Movie.swift; sourceTree = "<group>"; };
		7A5C54812AB0864200C64C65 /* MovieResult.swift */ = {isa = PBXFileReference; lastKnownFileType = sourcecode.swift; path = MovieResult.swift; sourceTree = "<group>"; };
		7A5C54842AB0874500C64C65 /* Network.swift */ = {isa = PBXFileReference; lastKnownFileType = sourcecode.swift; path = Network.swift; sourceTree = "<group>"; };
		A207FCEC4A24B57ABA3E82CF /* Pods_MVVMPractice.framework */ = {isa = PBXFileReference; explicitFileType = wrapper.framework; includeInIndex = 0; path = Pods_MVVMPractice.framework; sourceTree = BUILT_PRODUCTS_DIR; };
		E2F7F42EF03121A53616D169 /* Pods-MVVMPractice.release.xcconfig */ = {isa = PBXFileReference; includeInIndex = 1; lastKnownFileType = text.xcconfig; name = "Pods-MVVMPractice.release.xcconfig"; path = "Target Support Files/Pods-MVVMPractice/Pods-MVVMPractice.release.xcconfig"; sourceTree = "<group>"; };
/* End PBXFileReference section */

/* Begin PBXFrameworksBuildPhase section */
		7A5C545F2AAF742E00C64C65 /* Frameworks */ = {
			isa = PBXFrameworksBuildPhase;
			buildActionMask = 2147483647;
			files = (
				CFF277C4D011386F72356630 /* Pods_MVVMPractice.framework in Frameworks */,
			);
			runOnlyForDeploymentPostprocessing = 0;
		};
/* End PBXFrameworksBuildPhase section */

/* Begin PBXGroup section */
		04B91A4EBF19517481D9D7A8 /* Pods */ = {
			isa = PBXGroup;
			children = (
				31F7926402F09FE55E2F0FFC /* Pods-MVVMPractice.debug.xcconfig */,
				E2F7F42EF03121A53616D169 /* Pods-MVVMPractice.release.xcconfig */,
			);
			path = Pods;
			sourceTree = "<group>";
		};
		7A5C54592AAF742E00C64C65 = {
			isa = PBXGroup;
			children = (
				7A5C54642AAF742E00C64C65 /* MVVMPractice */,
				7A5C54632AAF742E00C64C65 /* Products */,
				04B91A4EBF19517481D9D7A8 /* Pods */,
				E86A4A2C6FB344E2BF1D00D1 /* Frameworks */,
			);
			sourceTree = "<group>";
		};
		7A5C54632AAF742E00C64C65 /* Products */ = {
			isa = PBXGroup;
			children = (
				7A5C54622AAF742E00C64C65 /* MVVMPractice.app */,
			);
			name = Products;
			sourceTree = "<group>";
		};
		7A5C54642AAF742E00C64C65 /* MVVMPractice */ = {
			isa = PBXGroup;
			children = (
				7A5C54792AAF80EA00C64C65 /* Network */,
				7A5C54652AAF742E00C64C65 /* AppDelegate.swift */,
				7A5C54672AAF742E00C64C65 /* SceneDelegate.swift */,
				7A5C54692AAF742E00C64C65 /* ViewController.swift */,
				7A5C546B2AAF742E00C64C65 /* Main.storyboard */,
				7A5C546E2AAF742F00C64C65 /* Assets.xcassets */,
				7A5C54702AAF742F00C64C65 /* LaunchScreen.storyboard */,
				7A5C54732AAF742F00C64C65 /* Info.plist */,
			);
			path = MVVMPractice;
			sourceTree = "<group>";
		};
		7A5C54792AAF80EA00C64C65 /* Network */ = {
			isa = PBXGroup;
			children = (
				7A5C547A2AAF80F800C64C65 /* Const.swift */,
				7A5C547C2AAF85BE00C64C65 /* Entities */,
				7A5C54842AB0874500C64C65 /* Network.swift */,
			);
			path = Network;
			sourceTree = "<group>";
		};
		7A5C547C2AAF85BE00C64C65 /* Entities */ = {
			isa = PBXGroup;
			children = (
				7A5C547D2AAF85C900C64C65 /* TV.swift */,
				7A5C547F2AB0809A00C64C65 /* Movie.swift */,
				7A5C54812AB0864200C64C65 /* MovieResult.swift */,
			);
			path = Entities;
			sourceTree = "<group>";
		};
		E86A4A2C6FB344E2BF1D00D1 /* Frameworks */ = {
			isa = PBXGroup;
			children = (
				A207FCEC4A24B57ABA3E82CF /* Pods_MVVMPractice.framework */,
			);
			name = Frameworks;
			sourceTree = "<group>";
		};
/* End PBXGroup section */

/* Begin PBXNativeTarget section */
		7A5C54612AAF742E00C64C65 /* MVVMPractice */ = {
			isa = PBXNativeTarget;
			buildConfigurationList = 7A5C54762AAF742F00C64C65 /* Build configuration list for PBXNativeTarget "MVVMPractice" */;
			buildPhases = (
				BF1638B00A4F3B7E83EF1228 /* [CP] Check Pods Manifest.lock */,
				7A5C545E2AAF742E00C64C65 /* Sources */,
				7A5C545F2AAF742E00C64C65 /* Frameworks */,
				7A5C54602AAF742E00C64C65 /* Resources */,
				55E6AB4EA4ED51D93AF6CCEA /* [CP] Embed Pods Frameworks */,
			);
			buildRules = (
			);
			dependencies = (
			);
			name = MVVMPractice;
			productName = MVVMPractice;
			productReference = 7A5C54622AAF742E00C64C65 /* MVVMPractice.app */;
			productType = "com.apple.product-type.application";
		};
/* End PBXNativeTarget section */

/* Begin PBXProject section */
		7A5C545A2AAF742E00C64C65 /* Project object */ = {
			isa = PBXProject;
			attributes = {
				BuildIndependentTargetsInParallel = 1;
				LastSwiftUpdateCheck = 1430;
				LastUpgradeCheck = 1430;
				TargetAttributes = {
					7A5C54612AAF742E00C64C65 = {
						CreatedOnToolsVersion = 14.3.1;
					};
				};
			};
			buildConfigurationList = 7A5C545D2AAF742E00C64C65 /* Build configuration list for PBXProject "MVVMPractice" */;
			compatibilityVersion = "Xcode 14.0";
			developmentRegion = en;
			hasScannedForEncodings = 0;
			knownRegions = (
				en,
				Base,
			);
			mainGroup = 7A5C54592AAF742E00C64C65;
			productRefGroup = 7A5C54632AAF742E00C64C65 /* Products */;
			projectDirPath = "";
			projectRoot = "";
			targets = (
				7A5C54612AAF742E00C64C65 /* MVVMPractice */,
			);
		};
/* End PBXProject section */

/* Begin PBXResourcesBuildPhase section */
		7A5C54602AAF742E00C64C65 /* Resources */ = {
			isa = PBXResourcesBuildPhase;
			buildActionMask = 2147483647;
			files = (
				7A5C54722AAF742F00C64C65 /* LaunchScreen.storyboard in Resources */,
				7A5C546F2AAF742F00C64C65 /* Assets.xcassets in Resources */,
				7A5C546D2AAF742E00C64C65 /* Main.storyboard in Resources */,
			);
			runOnlyForDeploymentPostprocessing = 0;
		};
/* End PBXResourcesBuildPhase section */

/* Begin PBXShellScriptBuildPhase section */
		55E6AB4EA4ED51D93AF6CCEA /* [CP] Embed Pods Frameworks */ = {
			isa = PBXShellScriptBuildPhase;
			buildActionMask = 2147483647;
			files = (
			);
			inputFileListPaths = (
				"${PODS_ROOT}/Target Support Files/Pods-MVVMPractice/Pods-MVVMPractice-frameworks-${CONFIGURATION}-input-files.xcfilelist",
			);
			name = "[CP] Embed Pods Frameworks";
			outputFileListPaths = (
				"${PODS_ROOT}/Target Support Files/Pods-MVVMPractice/Pods-MVVMPractice-frameworks-${CONFIGURATION}-output-files.xcfilelist",
			);
			runOnlyForDeploymentPostprocessing = 0;
			shellPath = /bin/sh;
			shellScript = "\"${PODS_ROOT}/Target Support Files/Pods-MVVMPractice/Pods-MVVMPractice-frameworks.sh\"\n";
			showEnvVarsInLog = 0;
		};
		BF1638B00A4F3B7E83EF1228 /* [CP] Check Pods Manifest.lock */ = {
			isa = PBXShellScriptBuildPhase;
			buildActionMask = 2147483647;
			files = (
			);
			inputFileListPaths = (
			);
			inputPaths = (
				"${PODS_PODFILE_DIR_PATH}/Podfile.lock",
				"${PODS_ROOT}/Manifest.lock",
			);
			name = "[CP] Check Pods Manifest.lock";
			outputFileListPaths = (
			);
			outputPaths = (
				"$(DERIVED_FILE_DIR)/Pods-MVVMPractice-checkManifestLockResult.txt",
			);
			runOnlyForDeploymentPostprocessing = 0;
			shellPath = /bin/sh;
			shellScript = "diff \"${PODS_PODFILE_DIR_PATH}/Podfile.lock\" \"${PODS_ROOT}/Manifest.lock\" > /dev/null\nif [ $? != 0 ] ; then\n    # print error to STDERR\n    echo \"error: The sandbox is not in sync with the Podfile.lock. Run 'pod install' or update your CocoaPods installation.\" >&2\n    exit 1\nfi\n# This output is used by Xcode 'outputs' to avoid re-running this script phase.\necho \"SUCCESS\" > \"${SCRIPT_OUTPUT_FILE_0}\"\n";
			showEnvVarsInLog = 0;
		};
/* End PBXShellScriptBuildPhase section */

/* Begin PBXSourcesBuildPhase section */
		7A5C545E2AAF742E00C64C65 /* Sources */ = {
			isa = PBXSourcesBuildPhase;
			buildActionMask = 2147483647;
			files = (
				7A5C54822AB0864200C64C65 /* MovieResult.swift in Sources */,
				7A5C546A2AAF742E00C64C65 /* ViewController.swift in Sources */,
				7A5C54852AB0874500C64C65 /* Network.swift in Sources */,
				7A5C547B2AAF80F800C64C65 /* Const.swift in Sources */,
				7A5C54802AB0809A00C64C65 /* Movie.swift in Sources */,
				7A5C54662AAF742E00C64C65 /* AppDelegate.swift in Sources */,
				7A5C547E2AAF85C900C64C65 /* TV.swift in Sources */,
				7A5C54682AAF742E00C64C65 /* SceneDelegate.swift in Sources */,
			);
			runOnlyForDeploymentPostprocessing = 0;
		};
/* End PBXSourcesBuildPhase section */

/* Begin PBXVariantGroup section */
		7A5C546B2AAF742E00C64C65 /* Main.storyboard */ = {
			isa = PBXVariantGroup;
			children = (
				7A5C546C2AAF742E00C64C65 /* Base */,
			);
			name = Main.storyboard;
			sourceTree = "<group>";
		};
		7A5C54702AAF742F00C64C65 /* LaunchScreen.storyboard */ = {
			isa = PBXVariantGroup;
			children = (
				7A5C54712AAF742F00C64C65 /* Base */,
			);
			name = LaunchScreen.storyboard;
			sourceTree = "<group>";
		};
/* End PBXVariantGroup section */

/* Begin XCBuildConfiguration section */
		7A5C54742AAF742F00C64C65 /* Debug */ = {
			isa = XCBuildConfiguration;
			buildSettings = {
				ALWAYS_SEARCH_USER_PATHS = NO;
				CLANG_ANALYZER_NONNULL = YES;
				CLANG_ANALYZER_NUMBER_OBJECT_CONVERSION = YES_AGGRESSIVE;
				CLANG_CXX_LANGUAGE_STANDARD = "gnu++20";
				CLANG_ENABLE_MODULES = YES;
				CLANG_ENABLE_OBJC_ARC = YES;
				CLANG_ENABLE_OBJC_WEAK = YES;
				CLANG_WARN_BLOCK_CAPTURE_AUTORELEASING = YES;
				CLANG_WARN_BOOL_CONVERSION = YES;
				CLANG_WARN_COMMA = YES;
				CLANG_WARN_CONSTANT_CONVERSION = YES;
				CLANG_WARN_DEPRECATED_OBJC_IMPLEMENTATIONS = YES;
				CLANG_WARN_DIRECT_OBJC_ISA_USAGE = YES_ERROR;
				CLANG_WARN_DOCUMENTATION_COMMENTS = YES;
				CLANG_WARN_EMPTY_BODY = YES;
				CLANG_WARN_ENUM_CONVERSION = YES;
				CLANG_WARN_INFINITE_RECURSION = YES;
				CLANG_WARN_INT_CONVERSION = YES;
				CLANG_WARN_NON_LITERAL_NULL_CONVERSION = YES;
				CLANG_WARN_OBJC_IMPLICIT_RETAIN_SELF = YES;
				CLANG_WARN_OBJC_LITERAL_CONVERSION = YES;
				CLANG_WARN_OBJC_ROOT_CLASS = YES_ERROR;
				CLANG_WARN_QUOTED_INCLUDE_IN_FRAMEWORK_HEADER = YES;
				CLANG_WARN_RANGE_LOOP_ANALYSIS = YES;
				CLANG_WARN_STRICT_PROTOTYPES = YES;
				CLANG_WARN_SUSPICIOUS_MOVE = YES;
				CLANG_WARN_UNGUARDED_AVAILABILITY = YES_AGGRESSIVE;
				CLANG_WARN_UNREACHABLE_CODE = YES;
				CLANG_WARN__DUPLICATE_METHOD_MATCH = YES;
				COPY_PHASE_STRIP = NO;
				DEBUG_INFORMATION_FORMAT = dwarf;
				ENABLE_STRICT_OBJC_MSGSEND = YES;
				ENABLE_TESTABILITY = YES;
				GCC_C_LANGUAGE_STANDARD = gnu11;
				GCC_DYNAMIC_NO_PIC = NO;
				GCC_NO_COMMON_BLOCKS = YES;
				GCC_OPTIMIZATION_LEVEL = 0;
				GCC_PREPROCESSOR_DEFINITIONS = (
					"DEBUG=1",
					"$(inherited)",
				);
				GCC_WARN_64_TO_32_BIT_CONVERSION = YES;
				GCC_WARN_ABOUT_RETURN_TYPE = YES_ERROR;
				GCC_WARN_UNDECLARED_SELECTOR = YES;
				GCC_WARN_UNINITIALIZED_AUTOS = YES_AGGRESSIVE;
				GCC_WARN_UNUSED_FUNCTION = YES;
				GCC_WARN_UNUSED_VARIABLE = YES;
				IPHONEOS_DEPLOYMENT_TARGET = 16.4;
				MTL_ENABLE_DEBUG_INFO = INCLUDE_SOURCE;
				MTL_FAST_MATH = YES;
				ONLY_ACTIVE_ARCH = YES;
				SDKROOT = iphoneos;
				SWIFT_ACTIVE_COMPILATION_CONDITIONS = DEBUG;
				SWIFT_OPTIMIZATION_LEVEL = "-Onone";
			};
			name = Debug;
		};
		7A5C54752AAF742F00C64C65 /* Release */ = {
			isa = XCBuildConfiguration;
			buildSettings = {
				ALWAYS_SEARCH_USER_PATHS = NO;
				CLANG_ANALYZER_NONNULL = YES;
				CLANG_ANALYZER_NUMBER_OBJECT_CONVERSION = YES_AGGRESSIVE;
				CLANG_CXX_LANGUAGE_STANDARD = "gnu++20";
				CLANG_ENABLE_MODULES = YES;
				CLANG_ENABLE_OBJC_ARC = YES;
				CLANG_ENABLE_OBJC_WEAK = YES;
				CLANG_WARN_BLOCK_CAPTURE_AUTORELEASING = YES;
				CLANG_WARN_BOOL_CONVERSION = YES;
				CLANG_WARN_COMMA = YES;
				CLANG_WARN_CONSTANT_CONVERSION = YES;
				CLANG_WARN_DEPRECATED_OBJC_IMPLEMENTATIONS = YES;
				CLANG_WARN_DIRECT_OBJC_ISA_USAGE = YES_ERROR;
				CLANG_WARN_DOCUMENTATION_COMMENTS = YES;
				CLANG_WARN_EMPTY_BODY = YES;
				CLANG_WARN_ENUM_CONVERSION = YES;
				CLANG_WARN_INFINITE_RECURSION = YES;
				CLANG_WARN_INT_CONVERSION = YES;
				CLANG_WARN_NON_LITERAL_NULL_CONVERSION = YES;
				CLANG_WARN_OBJC_IMPLICIT_RETAIN_SELF = YES;
				CLANG_WARN_OBJC_LITERAL_CONVERSION = YES;
				CLANG_WARN_OBJC_ROOT_CLASS = YES_ERROR;
				CLANG_WARN_QUOTED_INCLUDE_IN_FRAMEWORK_HEADER = YES;
				CLANG_WARN_RANGE_LOOP_ANALYSIS = YES;
				CLANG_WARN_STRICT_PROTOTYPES = YES;
				CLANG_WARN_SUSPICIOUS_MOVE = YES;
				CLANG_WARN_UNGUARDED_AVAILABILITY = YES_AGGRESSIVE;
				CLANG_WARN_UNREACHABLE_CODE = YES;
				CLANG_WARN__DUPLICATE_METHOD_MATCH = YES;
				COPY_PHASE_STRIP = NO;
				DEBUG_INFORMATION_FORMAT = "dwarf-with-dsym";
				ENABLE_NS_ASSERTIONS = NO;
				ENABLE_STRICT_OBJC_MSGSEND = YES;
				GCC_C_LANGUAGE_STANDARD = gnu11;
				GCC_NO_COMMON_BLOCKS = YES;
				GCC_WARN_64_TO_32_BIT_CONVERSION = YES;
				GCC_WARN_ABOUT_RETURN_TYPE = YES_ERROR;
				GCC_WARN_UNDECLARED_SELECTOR = YES;
				GCC_WARN_UNINITIALIZED_AUTOS = YES_AGGRESSIVE;
				GCC_WARN_UNUSED_FUNCTION = YES;
				GCC_WARN_UNUSED_VARIABLE = YES;
				IPHONEOS_DEPLOYMENT_TARGET = 16.4;
				MTL_ENABLE_DEBUG_INFO = NO;
				MTL_FAST_MATH = YES;
				SDKROOT = iphoneos;
				SWIFT_COMPILATION_MODE = wholemodule;
				SWIFT_OPTIMIZATION_LEVEL = "-O";
				VALIDATE_PRODUCT = YES;
			};
			name = Release;
		};
		7A5C54772AAF742F00C64C65 /* Debug */ = {
			isa = XCBuildConfiguration;
			baseConfigurationReference = 31F7926402F09FE55E2F0FFC /* Pods-MVVMPractice.debug.xcconfig */;
			buildSettings = {
				ASSETCATALOG_COMPILER_APPICON_NAME = AppIcon;
				ASSETCATALOG_COMPILER_GLOBAL_ACCENT_COLOR_NAME = AccentColor;
				CODE_SIGN_STYLE = Automatic;
				CURRENT_PROJECT_VERSION = 1;
				DEVELOPMENT_TEAM = Y7V766KDKR;
				GENERATE_INFOPLIST_FILE = YES;
				INFOPLIST_FILE = MVVMPractice/Info.plist;
				INFOPLIST_KEY_UIApplicationSupportsIndirectInputEvents = YES;
				INFOPLIST_KEY_UILaunchStoryboardName = LaunchScreen;
				INFOPLIST_KEY_UIMainStoryboardFile = Main;
				INFOPLIST_KEY_UISupportedInterfaceOrientations_iPad = "UIInterfaceOrientationPortrait UIInterfaceOrientationPortraitUpsideDown UIInterfaceOrientationLandscapeLeft UIInterfaceOrientationLandscapeRight";
				INFOPLIST_KEY_UISupportedInterfaceOrientations_iPhone = "UIInterfaceOrientationPortrait UIInterfaceOrientationLandscapeLeft UIInterfaceOrientationLandscapeRight";
				LD_RUNPATH_SEARCH_PATHS = (
					"$(inherited)",
					"@executable_path/Frameworks",
				);
				MARKETING_VERSION = 1.0;
				PRODUCT_BUNDLE_IDENTIFIER = com.Heize.MVVMPractice;
				PRODUCT_NAME = "$(TARGET_NAME)";
				SWIFT_EMIT_LOC_STRINGS = YES;
				SWIFT_VERSION = 5.0;
				TARGETED_DEVICE_FAMILY = "1,2";
			};
			name = Debug;
		};
		7A5C54782AAF742F00C64C65 /* Release */ = {
			isa = XCBuildConfiguration;
			baseConfigurationReference = E2F7F42EF03121A53616D169 /* Pods-MVVMPractice.release.xcconfig */;
			buildSettings = {
				ASSETCATALOG_COMPILER_APPICON_NAME = AppIcon;
				ASSETCATALOG_COMPILER_GLOBAL_ACCENT_COLOR_NAME = AccentColor;
				CODE_SIGN_STYLE = Automatic;
				CURRENT_PROJECT_VERSION = 1;
				DEVELOPMENT_TEAM = Y7V766KDKR;
				GENERATE_INFOPLIST_FILE = YES;
				INFOPLIST_FILE = MVVMPractice/Info.plist;
				INFOPLIST_KEY_UIApplicationSupportsIndirectInputEvents = YES;
				INFOPLIST_KEY_UILaunchStoryboardName = LaunchScreen;
				INFOPLIST_KEY_UIMainStoryboardFile = Main;
				INFOPLIST_KEY_UISupportedInterfaceOrientations_iPad = "UIInterfaceOrientationPortrait UIInterfaceOrientationPortraitUpsideDown UIInterfaceOrientationLandscapeLeft UIInterfaceOrientationLandscapeRight";
				INFOPLIST_KEY_UISupportedInterfaceOrientations_iPhone = "UIInterfaceOrientationPortrait UIInterfaceOrientationLandscapeLeft UIInterfaceOrientationLandscapeRight";
				LD_RUNPATH_SEARCH_PATHS = (
					"$(inherited)",
					"@executable_path/Frameworks",
				);
				MARKETING_VERSION = 1.0;
				PRODUCT_BUNDLE_IDENTIFIER = com.Heize.MVVMPractice;
				PRODUCT_NAME = "$(TARGET_NAME)";
				SWIFT_EMIT_LOC_STRINGS = YES;
				SWIFT_VERSION = 5.0;
				TARGETED_DEVICE_FAMILY = "1,2";
			};
			name = Release;
		};
/* End XCBuildConfiguration section */

/* Begin XCConfigurationList section */
		7A5C545D2AAF742E00C64C65 /* Build configuration list for PBXProject "MVVMPractice" */ = {
			isa = XCConfigurationList;
			buildConfigurations = (
				7A5C54742AAF742F00C64C65 /* Debug */,
				7A5C54752AAF742F00C64C65 /* Release */,
			);
			defaultConfigurationIsVisible = 0;
			defaultConfigurationName = Release;
		};
		7A5C54762AAF742F00C64C65 /* Build configuration list for PBXNativeTarget "MVVMPractice" */ = {
			isa = XCConfigurationList;
			buildConfigurations = (
				7A5C54772AAF742F00C64C65 /* Debug */,
				7A5C54782AAF742F00C64C65 /* Release */,
			);
			defaultConfigurationIsVisible = 0;
			defaultConfigurationName = Release;
		};
/* End XCConfigurationList section */
	};
	rootObject = 7A5C545A2AAF742E00C64C65 /* Project object */;
}
